
Microsoft Visual Studio Solution File, Format Version 12.00
# Visual Studio Version 16
VisualStudioVersion = 16.0.30611.23
MinimumVisualStudioVersion = 10.0.40219.1
Project("{FAE04EC0-301F-11D3-BF4B-00C04F79EFBC}") = "usporedivanjeXml", "usporedivanjeXml\usporedivanjeXml.csproj", "{08D27A23-0057-4BB5-B437-1051DC6A4771}"
EndProject
Global
	GlobalSection(SolutionConfigurationPlatforms) = preSolution
		Debug|Any CPU = Debug|Any CPU
		Release|Any CPU = Release|Any CPU
	EndGlobalSection
	GlobalSection(ProjectConfigurationPlatforms) = postSolution
		{08D27A23-0057-4BB5-B437-1051DC6A4771}.Debug|Any CPU.ActiveCfg = Debug|Any CPU
		{08D27A23-0057-4BB5-B437-1051DC6A4771}.Debug|Any CPU.Build.0 = Debug|Any CPU
		{08D27A23-0057-4BB5-B437-1051DC6A4771}.Release|Any CPU.ActiveCfg = Release|Any CPU
		{08D27A23-0057-4BB5-B437-1051DC6A4771}.Release|Any CPU.Build.0 = Release|Any CPU
	EndGlobalSection
	GlobalSection(SolutionProperties) = preSolution
		HideSolutionNode = FALSE
	EndGlobalSection
	GlobalSection(ExtensibilityGlobals) = postSolution
		SolutionGuid = {7C3DA2D9-69CA-4565-BDB3-7D68B0127DA3}
	EndGlobalSection
EndGlobal
